
Microsoft Visual Studio Solution File, Format Version 12.00
# Visual Studio Version 17
VisualStudioVersion = 17.7.34031.279
MinimumVisualStudioVersion = 10.0.40219.1
Project("{FAE04EC0-301F-11D3-BF4B-00C04F79EFBC}") = "Examen1-AloisBuschor", "Examen1-AloisBuschor\Examen1-AloisBuschor.csproj", "{235BFF8A-DECB-467D-AC00-2F011F0A46BB}"
EndProject
Global
	GlobalSection(SolutionConfigurationPlatforms) = preSolution
		Debug|Any CPU = Debug|Any CPU
		Release|Any CPU = Release|Any CPU
	EndGlobalSection
	GlobalSection(ProjectConfigurationPlatforms) = postSolution
		{235BFF8A-DECB-467D-AC00-2F011F0A46BB}.Debug|Any CPU.ActiveCfg = Debug|Any CPU
		{235BFF8A-DECB-467D-AC00-2F011F0A46BB}.Debug|Any CPU.Build.0 = Debug|Any CPU
		{235BFF8A-DECB-467D-AC00-2F011F0A46BB}.Release|Any CPU.ActiveCfg = Release|Any CPU
		{235BFF8A-DECB-467D-AC00-2F011F0A46BB}.Release|Any CPU.Build.0 = Release|Any CPU
	EndGlobalSection
	GlobalSection(SolutionProperties) = preSolution
		HideSolutionNode = FALSE
	EndGlobalSection
	GlobalSection(ExtensibilityGlobals) = postSolution
		SolutionGuid = {62825C80-18B8-43B5-ACB5-7CC6FB5AB27F}
	EndGlobalSection
EndGlobal
